
Microsoft Visual Studio Solution File, Format Version 12.00
# Visual Studio Version 16
VisualStudioVersion = 16.0.30503.244
MinimumVisualStudioVersion = 10.0.40219.1
Project("{8BC9CEB8-8B4A-11D0-8D11-00A0C91BC942}") = "Laba 2", "Laba 2\Laba 2.vcxproj", "{F3AFD9BF-D818-4C53-9A8F-6B95979284BA}"
EndProject
Global
	GlobalSection(SolutionConfigurationPlatforms) = preSolution
		Debug|x64 = Debug|x64
		Debug|x86 = Debug|x86
		Release|x64 = Release|x64
		Release|x86 = Release|x86
	EndGlobalSection
	GlobalSection(ProjectConfigurationPlatforms) = postSolution
		{F3AFD9BF-D818-4C53-9A8F-6B95979284BA}.Debug|x64.ActiveCfg = Debug|x64
		{F3AFD9BF-D818-4C53-9A8F-6B95979284BA}.Debug|x64.Build.0 = Debug|x64
		{F3AFD9BF-D818-4C53-9A8F-6B95979284BA}.Debug|x86.ActiveCfg = Debug|Win32
		{F3AFD9BF-D818-4C53-9A8F-6B95979284BA}.Debug|x86.Build.0 = Debug|Win32
		{F3AFD9BF-D818-4C53-9A8F-6B95979284BA}.Release|x64.ActiveCfg = Release|x64
		{F3AFD9BF-D818-4C53-9A8F-6B95979284BA}.Release|x64.Build.0 = Release|x64
		{F3AFD9BF-D818-4C53-9A8F-6B95979284BA}.Release|x86.ActiveCfg = Release|Win32
		{F3AFD9BF-D818-4C53-9A8F-6B95979284BA}.Release|x86.Build.0 = Release|Win32
	EndGlobalSection
	GlobalSection(SolutionProperties) = preSolution
		HideSolutionNode = FALSE
	EndGlobalSection
	GlobalSection(ExtensibilityGlobals) = postSolution
		SolutionGuid = {2C4BDD2A-F6DF-4D53-9204-CA265DB2A0F6}
	EndGlobalSection
EndGlobal
